<?xml version="1.0" encoding="UTF-8"?>
<!DOCTYPE plist PUBLIC "-//Apple//DTD PLIST 1.0//EN" "http://www.apple.com/DTDs/PropertyList-1.0.dtd">
<plist version="1.0">
<dict>
	<key>archiveVersion</key>
	<string>1</string>
	<key>classes</key>
	<dict/>
	<key>objectVersion</key>
	<string>46</string>
	<key>objects</key>
	<dict>
		<key>032221552F654A42855C80C4</key>
		<dict>
			<key>explicitFileType</key>
			<string>archive.ar</string>
			<key>includeInIndex</key>
			<string>0</string>
			<key>isa</key>
			<string>PBXFileReference</string>
			<key>path</key>
			<string>libPods.a</string>
			<key>sourceTree</key>
			<string>BUILT_PRODUCTS_DIR</string>
		</dict>
		<key>31F7F48181EC47B9A189E7D0</key>
		<dict>
			<key>fileRef</key>
			<string>032221552F654A42855C80C4</string>
			<key>isa</key>
			<string>PBXBuildFile</string>
		</dict>
		<key>3E08EB14193DFE2E00FA9C6D</key>
		<dict>
			<key>children</key>
			<array>
				<string>3E08EB26193DFE2E00FA9C6D</string>
				<string>3E08EB3F193DFE2F00FA9C6D</string>
				<string>3E08EB1F193DFE2E00FA9C6D</string>
				<string>3E08EB1E193DFE2E00FA9C6D</string>
				<string>B9876E2360484115A5822A88</string>
			</array>
			<key>isa</key>
			<string>PBXGroup</string>
			<key>sourceTree</key>
			<string>&lt;group&gt;</string>
		</dict>
		<key>3E08EB15193DFE2E00FA9C6D</key>
		<dict>
			<key>attributes</key>
			<dict>
				<key>CLASSPREFIX</key>
				<string>I3</string>
				<key>LastUpgradeCheck</key>
				<string>0510</string>
				<key>TargetAttributes</key>
				<dict>
					<key>3E08EB37193DFE2F00FA9C6D</key>
					<dict>
						<key>TestTargetID</key>
						<string>3E08EB1C193DFE2E00FA9C6D</string>
					</dict>
				</dict>
			</dict>
			<key>buildConfigurationList</key>
			<string>3E08EB18193DFE2E00FA9C6D</string>
			<key>compatibilityVersion</key>
			<string>Xcode 3.2</string>
			<key>developmentRegion</key>
			<string>English</string>
			<key>hasScannedForEncodings</key>
			<string>0</string>
			<key>isa</key>
			<string>PBXProject</string>
			<key>knownRegions</key>
			<array>
				<string>en</string>
			</array>
			<key>mainGroup</key>
			<string>3E08EB14193DFE2E00FA9C6D</string>
			<key>productRefGroup</key>
			<string>3E08EB1E193DFE2E00FA9C6D</string>
			<key>projectDirPath</key>
			<string></string>
			<key>projectReferences</key>
			<array/>
			<key>projectRoot</key>
			<string></string>
			<key>targets</key>
			<array>
				<string>3E08EB1C193DFE2E00FA9C6D</string>
				<string>3E08EB37193DFE2F00FA9C6D</string>
			</array>
		</dict>
		<key>3E08EB18193DFE2E00FA9C6D</key>
		<dict>
			<key>buildConfigurations</key>
			<array>
				<string>3E08EB47193DFE2F00FA9C6D</string>
				<string>3E08EB48193DFE2F00FA9C6D</string>
			</array>
			<key>defaultConfigurationIsVisible</key>
			<string>0</string>
			<key>defaultConfigurationName</key>
			<string>Release</string>
			<key>isa</key>
			<string>XCConfigurationList</string>
		</dict>
		<key>3E08EB19193DFE2E00FA9C6D</key>
		<dict>
			<key>buildActionMask</key>
			<string>2147483647</string>
			<key>files</key>
			<array>
				<string>3E08EB31193DFE2E00FA9C6D</string>
				<string>3E08EB581942246700FA9C6D</string>
				<string>3E08EB6D1942ED2800FA9C6D</string>
				<string>3E08EB741945246500FA9C6D</string>
				<string>3E08EB5E19422BE300FA9C6D</string>
				<string>3E08EB2D193DFE2E00FA9C6D</string>
				<string>3E08EB531940A75600FA9C6D</string>
				<string>3E08EB701942ED4200FA9C6D</string>
				<string>3E08EB671942B16D00FA9C6D</string>
			</array>
			<key>isa</key>
			<string>PBXSourcesBuildPhase</string>
			<key>runOnlyForDeploymentPostprocessing</key>
			<string>0</string>
		</dict>
		<key>3E08EB1A193DFE2E00FA9C6D</key>
		<dict>
			<key>buildActionMask</key>
			<string>2147483647</string>
			<key>files</key>
			<array>
				<string>3E08EB23193DFE2E00FA9C6D</string>
				<string>3E08EB25193DFE2E00FA9C6D</string>
				<string>3E08EB21193DFE2E00FA9C6D</string>
				<string>31F7F48181EC47B9A189E7D0</string>
			</array>
			<key>isa</key>
			<string>PBXFrameworksBuildPhase</string>
			<key>runOnlyForDeploymentPostprocessing</key>
			<string>0</string>
		</dict>
		<key>3E08EB1B193DFE2E00FA9C6D</key>
		<dict>
			<key>buildActionMask</key>
			<string>2147483647</string>
			<key>files</key>
			<array>
				<string>3E08EB5B19422A8D00FA9C6D</string>
				<string>3E08EB2B193DFE2E00FA9C6D</string>
				<string>3E08EB33193DFE2E00FA9C6D</string>
				<string>3E08EB641942B14800FA9C6D</string>
				<string>3E08EB621942B05D00FA9C6D</string>
			</array>
			<key>isa</key>
			<string>PBXResourcesBuildPhase</string>
			<key>runOnlyForDeploymentPostprocessing</key>
			<string>0</string>
		</dict>
		<key>3E08EB1C193DFE2E00FA9C6D</key>
		<dict>
			<key>buildConfigurationList</key>
			<string>3E08EB49193DFE2F00FA9C6D</string>
			<key>buildPhases</key>
			<array>
				<string>807CA352AC124934992801F7</string>
				<string>3E08EB19193DFE2E00FA9C6D</string>
				<string>3E08EB1A193DFE2E00FA9C6D</string>
				<string>3E08EB1B193DFE2E00FA9C6D</string>
				<string>DDC530C6BEE54D54ADF153B1</string>
			</array>
			<key>buildRules</key>
			<array/>
			<key>dependencies</key>
			<array/>
			<key>isa</key>
			<string>PBXNativeTarget</string>
			<key>name</key>
			<string>proverb</string>
			<key>productName</key>
			<string>proverb</string>
			<key>productReference</key>
			<string>3E08EB1D193DFE2E00FA9C6D</string>
			<key>productType</key>
			<string>com.apple.product-type.application</string>
		</dict>
		<key>3E08EB1D193DFE2E00FA9C6D</key>
		<dict>
			<key>explicitFileType</key>
			<string>wrapper.application</string>
			<key>includeInIndex</key>
			<string>0</string>
			<key>isa</key>
			<string>PBXFileReference</string>
			<key>path</key>
			<string>proverb.app</string>
			<key>sourceTree</key>
			<string>BUILT_PRODUCTS_DIR</string>
		</dict>
		<key>3E08EB1E193DFE2E00FA9C6D</key>
		<dict>
			<key>children</key>
			<array>
				<string>3E08EB1D193DFE2E00FA9C6D</string>
				<string>3E08EB38193DFE2F00FA9C6D</string>
			</array>
			<key>isa</key>
			<string>PBXGroup</string>
			<key>name</key>
			<string>Products</string>
			<key>sourceTree</key>
			<string>&lt;group&gt;</string>
		</dict>
		<key>3E08EB1F193DFE2E00FA9C6D</key>
		<dict>
			<key>children</key>
			<array>
				<string>3E08EB20193DFE2E00FA9C6D</string>
				<string>3E08EB22193DFE2E00FA9C6D</string>
				<string>3E08EB24193DFE2E00FA9C6D</string>
				<string>3E08EB39193DFE2F00FA9C6D</string>
				<string>032221552F654A42855C80C4</string>
			</array>
			<key>isa</key>
			<string>PBXGroup</string>
			<key>name</key>
			<string>Frameworks</string>
			<key>sourceTree</key>
			<string>&lt;group&gt;</string>
		</dict>
		<key>3E08EB20193DFE2E00FA9C6D</key>
		<dict>
			<key>isa</key>
			<string>PBXFileReference</string>
			<key>lastKnownFileType</key>
			<string>wrapper.framework</string>
			<key>name</key>
			<string>Foundation.framework</string>
			<key>path</key>
			<string>System/Library/Frameworks/Foundation.framework</string>
			<key>sourceTree</key>
			<string>SDKROOT</string>
		</dict>
		<key>3E08EB21193DFE2E00FA9C6D</key>
		<dict>
			<key>fileRef</key>
			<string>3E08EB20193DFE2E00FA9C6D</string>
			<key>isa</key>
			<string>PBXBuildFile</string>
		</dict>
		<key>3E08EB22193DFE2E00FA9C6D</key>
		<dict>
			<key>isa</key>
			<string>PBXFileReference</string>
			<key>lastKnownFileType</key>
			<string>wrapper.framework</string>
			<key>name</key>
			<string>CoreGraphics.framework</string>
			<key>path</key>
			<string>System/Library/Frameworks/CoreGraphics.framework</string>
			<key>sourceTree</key>
			<string>SDKROOT</string>
		</dict>
		<key>3E08EB23193DFE2E00FA9C6D</key>
		<dict>
			<key>fileRef</key>
			<string>3E08EB22193DFE2E00FA9C6D</string>
			<key>isa</key>
			<string>PBXBuildFile</string>
		</dict>
		<key>3E08EB24193DFE2E00FA9C6D</key>
		<dict>
			<key>isa</key>
			<string>PBXFileReference</string>
			<key>lastKnownFileType</key>
			<string>wrapper.framework</string>
			<key>name</key>
			<string>UIKit.framework</string>
			<key>path</key>
			<string>System/Library/Frameworks/UIKit.framework</string>
			<key>sourceTree</key>
			<string>SDKROOT</string>
		</dict>
		<key>3E08EB25193DFE2E00FA9C6D</key>
		<dict>
			<key>fileRef</key>
			<string>3E08EB24193DFE2E00FA9C6D</string>
			<key>isa</key>
			<string>PBXBuildFile</string>
		</dict>
		<key>3E08EB26193DFE2E00FA9C6D</key>
		<dict>
			<key>children</key>
			<array>
				<string>3E08EB7119434BFA00FA9C6D</string>
				<string>3E08EB4F193DFE3500FA9C6D</string>
				<string>3E08EB501940A62900FA9C6D</string>
				<string>3E08EB54194223EF00FA9C6D</string>
				<string>3E08EB32193DFE2E00FA9C6D</string>
				<string>3E08EB27193DFE2E00FA9C6D</string>
			</array>
			<key>isa</key>
			<string>PBXGroup</string>
			<key>path</key>
			<string>proverb</string>
			<key>sourceTree</key>
			<string>&lt;group&gt;</string>
		</dict>
		<key>3E08EB27193DFE2E00FA9C6D</key>
		<dict>
			<key>children</key>
			<array>
				<string>3E08EB5919422A4C00FA9C6D</string>
				<string>3E08EB28193DFE2E00FA9C6D</string>
				<string>3E08EB29193DFE2E00FA9C6D</string>
				<string>3E08EB2C193DFE2E00FA9C6D</string>
				<string>3E08EB2E193DFE2E00FA9C6D</string>
			</array>
			<key>isa</key>
			<string>PBXGroup</string>
			<key>name</key>
			<string>Supporting Files</string>
			<key>sourceTree</key>
			<string>&lt;group&gt;</string>
		</dict>
		<key>3E08EB28193DFE2E00FA9C6D</key>
		<dict>
			<key>isa</key>
			<string>PBXFileReference</string>
			<key>lastKnownFileType</key>
			<string>text.plist.xml</string>
			<key>path</key>
			<string>proverb-Info.plist</string>
			<key>sourceTree</key>
			<string>&lt;group&gt;</string>
		</dict>
		<key>3E08EB29193DFE2E00FA9C6D</key>
		<dict>
			<key>children</key>
			<array>
				<string>3E08EB2A193DFE2E00FA9C6D</string>
			</array>
			<key>isa</key>
			<string>PBXVariantGroup</string>
			<key>name</key>
			<string>InfoPlist.strings</string>
			<key>sourceTree</key>
			<string>&lt;group&gt;</string>
		</dict>
		<key>3E08EB2A193DFE2E00FA9C6D</key>
		<dict>
			<key>isa</key>
			<string>PBXFileReference</string>
			<key>lastKnownFileType</key>
			<string>text.plist.strings</string>
			<key>name</key>
			<string>en</string>
			<key>path</key>
			<string>en.lproj/InfoPlist.strings</string>
			<key>sourceTree</key>
			<string>&lt;group&gt;</string>
		</dict>
		<key>3E08EB2B193DFE2E00FA9C6D</key>
		<dict>
			<key>fileRef</key>
			<string>3E08EB29193DFE2E00FA9C6D</string>
			<key>isa</key>
			<string>PBXBuildFile</string>
		</dict>
		<key>3E08EB2C193DFE2E00FA9C6D</key>
		<dict>
			<key>isa</key>
			<string>PBXFileReference</string>
			<key>lastKnownFileType</key>
			<string>sourcecode.c.objc</string>
			<key>path</key>
			<string>main.m</string>
			<key>sourceTree</key>
			<string>&lt;group&gt;</string>
		</dict>
		<key>3E08EB2D193DFE2E00FA9C6D</key>
		<dict>
			<key>fileRef</key>
			<string>3E08EB2C193DFE2E00FA9C6D</string>
			<key>isa</key>
			<string>PBXBuildFile</string>
		</dict>
		<key>3E08EB2E193DFE2E00FA9C6D</key>
		<dict>
			<key>isa</key>
			<string>PBXFileReference</string>
			<key>lastKnownFileType</key>
			<string>sourcecode.c.h</string>
			<key>path</key>
			<string>proverb-Prefix.pch</string>
			<key>sourceTree</key>
			<string>&lt;group&gt;</string>
		</dict>
		<key>3E08EB2F193DFE2E00FA9C6D</key>
		<dict>
			<key>isa</key>
			<string>PBXFileReference</string>
			<key>lastKnownFileType</key>
			<string>sourcecode.c.h</string>
			<key>path</key>
			<string>I3AppDelegate.h</string>
			<key>sourceTree</key>
			<string>&lt;group&gt;</string>
		</dict>
		<key>3E08EB30193DFE2E00FA9C6D</key>
		<dict>
			<key>isa</key>
			<string>PBXFileReference</string>
			<key>lastKnownFileType</key>
			<string>sourcecode.c.objc</string>
			<key>path</key>
			<string>I3AppDelegate.m</string>
			<key>sourceTree</key>
			<string>&lt;group&gt;</string>
		</dict>
		<key>3E08EB31193DFE2E00FA9C6D</key>
		<dict>
			<key>fileRef</key>
			<string>3E08EB30193DFE2E00FA9C6D</string>
			<key>isa</key>
			<string>PBXBuildFile</string>
		</dict>
		<key>3E08EB32193DFE2E00FA9C6D</key>
		<dict>
			<key>isa</key>
			<string>PBXFileReference</string>
			<key>lastKnownFileType</key>
			<string>folder.assetcatalog</string>
			<key>path</key>
			<string>Images.xcassets</string>
			<key>sourceTree</key>
			<string>&lt;group&gt;</string>
		</dict>
		<key>3E08EB33193DFE2E00FA9C6D</key>
		<dict>
			<key>fileRef</key>
			<string>3E08EB32193DFE2E00FA9C6D</string>
			<key>isa</key>
			<string>PBXBuildFile</string>
		</dict>
		<key>3E08EB34193DFE2F00FA9C6D</key>
		<dict>
			<key>buildActionMask</key>
			<string>2147483647</string>
			<key>files</key>
			<array>
				<string>3E08EB46193DFE2F00FA9C6D</string>
			</array>
			<key>isa</key>
			<string>PBXSourcesBuildPhase</string>
			<key>runOnlyForDeploymentPostprocessing</key>
			<string>0</string>
		</dict>
		<key>3E08EB35193DFE2F00FA9C6D</key>
		<dict>
			<key>buildActionMask</key>
			<string>2147483647</string>
			<key>files</key>
			<array>
				<string>3E08EB3A193DFE2F00FA9C6D</string>
				<string>3E08EB3C193DFE2F00FA9C6D</string>
				<string>3E08EB3B193DFE2F00FA9C6D</string>
			</array>
			<key>isa</key>
			<string>PBXFrameworksBuildPhase</string>
			<key>runOnlyForDeploymentPostprocessing</key>
			<string>0</string>
		</dict>
		<key>3E08EB36193DFE2F00FA9C6D</key>
		<dict>
			<key>buildActionMask</key>
			<string>2147483647</string>
			<key>files</key>
			<array>
				<string>3E08EB44193DFE2F00FA9C6D</string>
			</array>
			<key>isa</key>
			<string>PBXResourcesBuildPhase</string>
			<key>runOnlyForDeploymentPostprocessing</key>
			<string>0</string>
		</dict>
		<key>3E08EB37193DFE2F00FA9C6D</key>
		<dict>
			<key>buildConfigurationList</key>
			<string>3E08EB4C193DFE2F00FA9C6D</string>
			<key>buildPhases</key>
			<array>
				<string>3E08EB34193DFE2F00FA9C6D</string>
				<string>3E08EB35193DFE2F00FA9C6D</string>
				<string>3E08EB36193DFE2F00FA9C6D</string>
			</array>
			<key>buildRules</key>
			<array/>
			<key>dependencies</key>
			<array>
				<string>3E08EB3E193DFE2F00FA9C6D</string>
			</array>
			<key>isa</key>
			<string>PBXNativeTarget</string>
			<key>name</key>
			<string>proverbTests</string>
			<key>productName</key>
			<string>proverbTests</string>
			<key>productReference</key>
			<string>3E08EB38193DFE2F00FA9C6D</string>
			<key>productType</key>
			<string>com.apple.product-type.bundle.unit-test</string>
		</dict>
		<key>3E08EB38193DFE2F00FA9C6D</key>
		<dict>
			<key>explicitFileType</key>
			<string>wrapper.cfbundle</string>
			<key>includeInIndex</key>
			<string>0</string>
			<key>isa</key>
			<string>PBXFileReference</string>
			<key>path</key>
			<string>proverbTests.xctest</string>
			<key>sourceTree</key>
			<string>BUILT_PRODUCTS_DIR</string>
		</dict>
		<key>3E08EB39193DFE2F00FA9C6D</key>
		<dict>
			<key>isa</key>
			<string>PBXFileReference</string>
			<key>lastKnownFileType</key>
			<string>wrapper.framework</string>
			<key>name</key>
			<string>XCTest.framework</string>
			<key>path</key>
			<string>Library/Frameworks/XCTest.framework</string>
			<key>sourceTree</key>
			<string>DEVELOPER_DIR</string>
		</dict>
		<key>3E08EB3A193DFE2F00FA9C6D</key>
		<dict>
			<key>fileRef</key>
			<string>3E08EB39193DFE2F00FA9C6D</string>
			<key>isa</key>
			<string>PBXBuildFile</string>
		</dict>
		<key>3E08EB3B193DFE2F00FA9C6D</key>
		<dict>
			<key>fileRef</key>
			<string>3E08EB20193DFE2E00FA9C6D</string>
			<key>isa</key>
			<string>PBXBuildFile</string>
		</dict>
		<key>3E08EB3C193DFE2F00FA9C6D</key>
		<dict>
			<key>fileRef</key>
			<string>3E08EB24193DFE2E00FA9C6D</string>
			<key>isa</key>
			<string>PBXBuildFile</string>
		</dict>
		<key>3E08EB3D193DFE2F00FA9C6D</key>
		<dict>
			<key>containerPortal</key>
			<string>3E08EB15193DFE2E00FA9C6D</string>
			<key>isa</key>
			<string>PBXContainerItemProxy</string>
			<key>proxyType</key>
			<string>1</string>
			<key>remoteGlobalIDString</key>
			<string>3E08EB1C193DFE2E00FA9C6D</string>
			<key>remoteInfo</key>
			<string>proverb</string>
		</dict>
		<key>3E08EB3E193DFE2F00FA9C6D</key>
		<dict>
			<key>isa</key>
			<string>PBXTargetDependency</string>
			<key>target</key>
			<string>3E08EB1C193DFE2E00FA9C6D</string>
			<key>targetProxy</key>
			<string>3E08EB3D193DFE2F00FA9C6D</string>
		</dict>
		<key>3E08EB3F193DFE2F00FA9C6D</key>
		<dict>
			<key>children</key>
			<array>
				<string>3E08EB45193DFE2F00FA9C6D</string>
				<string>3E08EB40193DFE2F00FA9C6D</string>
			</array>
			<key>isa</key>
			<string>PBXGroup</string>
			<key>path</key>
			<string>proverbTests</string>
			<key>sourceTree</key>
			<string>&lt;group&gt;</string>
		</dict>
		<key>3E08EB40193DFE2F00FA9C6D</key>
		<dict>
			<key>children</key>
			<array>
				<string>3E08EB41193DFE2F00FA9C6D</string>
				<string>3E08EB42193DFE2F00FA9C6D</string>
			</array>
			<key>isa</key>
			<string>PBXGroup</string>
			<key>name</key>
			<string>Supporting Files</string>
			<key>sourceTree</key>
			<string>&lt;group&gt;</string>
		</dict>
		<key>3E08EB41193DFE2F00FA9C6D</key>
		<dict>
			<key>isa</key>
			<string>PBXFileReference</string>
			<key>lastKnownFileType</key>
			<string>text.plist.xml</string>
			<key>path</key>
			<string>proverbTests-Info.plist</string>
			<key>sourceTree</key>
			<string>&lt;group&gt;</string>
		</dict>
		<key>3E08EB42193DFE2F00FA9C6D</key>
		<dict>
			<key>children</key>
			<array>
				<string>3E08EB43193DFE2F00FA9C6D</string>
			</array>
			<key>isa</key>
			<string>PBXVariantGroup</string>
			<key>name</key>
			<string>InfoPlist.strings</string>
			<key>sourceTree</key>
			<string>&lt;group&gt;</string>
		</dict>
		<key>3E08EB43193DFE2F00FA9C6D</key>
		<dict>
			<key>isa</key>
			<string>PBXFileReference</string>
			<key>lastKnownFileType</key>
			<string>text.plist.strings</string>
			<key>name</key>
			<string>en</string>
			<key>path</key>
			<string>en.lproj/InfoPlist.strings</string>
			<key>sourceTree</key>
			<string>&lt;group&gt;</string>
		</dict>
		<key>3E08EB44193DFE2F00FA9C6D</key>
		<dict>
			<key>fileRef</key>
			<string>3E08EB42193DFE2F00FA9C6D</string>
			<key>isa</key>
			<string>PBXBuildFile</string>
		</dict>
		<key>3E08EB45193DFE2F00FA9C6D</key>
		<dict>
			<key>isa</key>
			<string>PBXFileReference</string>
			<key>lastKnownFileType</key>
			<string>sourcecode.c.objc</string>
			<key>path</key>
			<string>proverbTests.m</string>
			<key>sourceTree</key>
			<string>&lt;group&gt;</string>
		</dict>
		<key>3E08EB46193DFE2F00FA9C6D</key>
		<dict>
			<key>fileRef</key>
			<string>3E08EB45193DFE2F00FA9C6D</string>
			<key>isa</key>
			<string>PBXBuildFile</string>
		</dict>
		<key>3E08EB47193DFE2F00FA9C6D</key>
		<dict>
			<key>buildSettings</key>
			<dict>
				<key>ALWAYS_SEARCH_USER_PATHS</key>
				<string>NO</string>
				<key>CLANG_CXX_LANGUAGE_STANDARD</key>
				<string>gnu++0x</string>
				<key>CLANG_CXX_LIBRARY</key>
				<string>libc++</string>
				<key>CLANG_ENABLE_MODULES</key>
				<string>YES</string>
				<key>CLANG_ENABLE_OBJC_ARC</key>
				<string>YES</string>
				<key>CLANG_WARN_BOOL_CONVERSION</key>
				<string>YES</string>
				<key>CLANG_WARN_CONSTANT_CONVERSION</key>
				<string>YES</string>
				<key>CLANG_WARN_DIRECT_OBJC_ISA_USAGE</key>
				<string>YES_ERROR</string>
				<key>CLANG_WARN_EMPTY_BODY</key>
				<string>YES</string>
				<key>CLANG_WARN_ENUM_CONVERSION</key>
				<string>YES</string>
				<key>CLANG_WARN_INT_CONVERSION</key>
				<string>YES</string>
				<key>CLANG_WARN_OBJC_ROOT_CLASS</key>
				<string>YES_ERROR</string>
				<key>CLANG_WARN__DUPLICATE_METHOD_MATCH</key>
				<string>YES</string>
				<key>CODE_SIGN_IDENTITY[sdk=iphoneos*]</key>
				<string>iPhone Developer</string>
				<key>COPY_PHASE_STRIP</key>
				<string>NO</string>
				<key>GCC_C_LANGUAGE_STANDARD</key>
				<string>gnu99</string>
				<key>GCC_DYNAMIC_NO_PIC</key>
				<string>NO</string>
				<key>GCC_OPTIMIZATION_LEVEL</key>
				<string>0</string>
				<key>GCC_PREPROCESSOR_DEFINITIONS</key>
				<array>
					<string>DEBUG=1</string>
					<string>$(inherited)</string>
				</array>
				<key>GCC_SYMBOLS_PRIVATE_EXTERN</key>
				<string>NO</string>
				<key>GCC_WARN_64_TO_32_BIT_CONVERSION</key>
				<string>YES</string>
				<key>GCC_WARN_ABOUT_RETURN_TYPE</key>
				<string>YES_ERROR</string>
				<key>GCC_WARN_UNDECLARED_SELECTOR</key>
				<string>YES</string>
				<key>GCC_WARN_UNINITIALIZED_AUTOS</key>
				<string>YES_AGGRESSIVE</string>
				<key>GCC_WARN_UNUSED_FUNCTION</key>
				<string>YES</string>
				<key>GCC_WARN_UNUSED_VARIABLE</key>
				<string>YES</string>
				<key>IPHONEOS_DEPLOYMENT_TARGET</key>
				<string>7.1</string>
				<key>ONLY_ACTIVE_ARCH</key>
				<string>YES</string>
				<key>SDKROOT</key>
				<string>iphoneos</string>
			</dict>
			<key>isa</key>
			<string>XCBuildConfiguration</string>
			<key>name</key>
			<string>Debug</string>
		</dict>
		<key>3E08EB48193DFE2F00FA9C6D</key>
		<dict>
			<key>buildSettings</key>
			<dict>
				<key>ALWAYS_SEARCH_USER_PATHS</key>
				<string>NO</string>
				<key>CLANG_CXX_LANGUAGE_STANDARD</key>
				<string>gnu++0x</string>
				<key>CLANG_CXX_LIBRARY</key>
				<string>libc++</string>
				<key>CLANG_ENABLE_MODULES</key>
				<string>YES</string>
				<key>CLANG_ENABLE_OBJC_ARC</key>
				<string>YES</string>
				<key>CLANG_WARN_BOOL_CONVERSION</key>
				<string>YES</string>
				<key>CLANG_WARN_CONSTANT_CONVERSION</key>
				<string>YES</string>
				<key>CLANG_WARN_DIRECT_OBJC_ISA_USAGE</key>
				<string>YES_ERROR</string>
				<key>CLANG_WARN_EMPTY_BODY</key>
				<string>YES</string>
				<key>CLANG_WARN_ENUM_CONVERSION</key>
				<string>YES</string>
				<key>CLANG_WARN_INT_CONVERSION</key>
				<string>YES</string>
				<key>CLANG_WARN_OBJC_ROOT_CLASS</key>
				<string>YES_ERROR</string>
				<key>CLANG_WARN__DUPLICATE_METHOD_MATCH</key>
				<string>YES</string>
				<key>CODE_SIGN_IDENTITY[sdk=iphoneos*]</key>
				<string>iPhone Developer</string>
				<key>COPY_PHASE_STRIP</key>
				<string>YES</string>
				<key>ENABLE_NS_ASSERTIONS</key>
				<string>NO</string>
				<key>GCC_C_LANGUAGE_STANDARD</key>
				<string>gnu99</string>
				<key>GCC_WARN_64_TO_32_BIT_CONVERSION</key>
				<string>YES</string>
				<key>GCC_WARN_ABOUT_RETURN_TYPE</key>
				<string>YES_ERROR</string>
				<key>GCC_WARN_UNDECLARED_SELECTOR</key>
				<string>YES</string>
				<key>GCC_WARN_UNINITIALIZED_AUTOS</key>
				<string>YES_AGGRESSIVE</string>
				<key>GCC_WARN_UNUSED_FUNCTION</key>
				<string>YES</string>
				<key>GCC_WARN_UNUSED_VARIABLE</key>
				<string>YES</string>
				<key>IPHONEOS_DEPLOYMENT_TARGET</key>
				<string>7.1</string>
				<key>SDKROOT</key>
				<string>iphoneos</string>
				<key>VALIDATE_PRODUCT</key>
				<string>YES</string>
			</dict>
			<key>isa</key>
			<string>XCBuildConfiguration</string>
			<key>name</key>
			<string>Release</string>
		</dict>
		<key>3E08EB49193DFE2F00FA9C6D</key>
		<dict>
			<key>buildConfigurations</key>
			<array>
				<string>3E08EB4A193DFE2F00FA9C6D</string>
				<string>3E08EB4B193DFE2F00FA9C6D</string>
			</array>
			<key>defaultConfigurationIsVisible</key>
			<string>0</string>
			<key>defaultConfigurationName</key>
			<string>Release</string>
			<key>isa</key>
			<string>XCConfigurationList</string>
		</dict>
		<key>3E08EB4A193DFE2F00FA9C6D</key>
		<dict>
			<key>baseConfigurationReference</key>
			<string>B9876E2360484115A5822A88</string>
			<key>buildSettings</key>
			<dict>
				<key>ASSETCATALOG_COMPILER_APPICON_NAME</key>
				<string>AppIcon</string>
				<key>ASSETCATALOG_COMPILER_LAUNCHIMAGE_NAME</key>
				<string>LaunchImage</string>
				<key>GCC_PRECOMPILE_PREFIX_HEADER</key>
				<string>YES</string>
				<key>GCC_PREFIX_HEADER</key>
				<string>proverb/proverb-Prefix.pch</string>
				<key>INFOPLIST_FILE</key>
				<string>proverb/proverb-Info.plist</string>
				<key>PRODUCT_NAME</key>
				<string>$(TARGET_NAME)</string>
				<key>WRAPPER_EXTENSION</key>
				<string>app</string>
			</dict>
			<key>isa</key>
			<string>XCBuildConfiguration</string>
			<key>name</key>
			<string>Debug</string>
		</dict>
		<key>3E08EB4B193DFE2F00FA9C6D</key>
		<dict>
			<key>baseConfigurationReference</key>
			<string>B9876E2360484115A5822A88</string>
			<key>buildSettings</key>
			<dict>
				<key>ASSETCATALOG_COMPILER_APPICON_NAME</key>
				<string>AppIcon</string>
				<key>ASSETCATALOG_COMPILER_LAUNCHIMAGE_NAME</key>
				<string>LaunchImage</string>
				<key>GCC_PRECOMPILE_PREFIX_HEADER</key>
				<string>YES</string>
				<key>GCC_PREFIX_HEADER</key>
				<string>proverb/proverb-Prefix.pch</string>
				<key>INFOPLIST_FILE</key>
				<string>proverb/proverb-Info.plist</string>
				<key>PRODUCT_NAME</key>
				<string>$(TARGET_NAME)</string>
				<key>WRAPPER_EXTENSION</key>
				<string>app</string>
			</dict>
			<key>isa</key>
			<string>XCBuildConfiguration</string>
			<key>name</key>
			<string>Release</string>
		</dict>
		<key>3E08EB4C193DFE2F00FA9C6D</key>
		<dict>
			<key>buildConfigurations</key>
			<array>
				<string>3E08EB4D193DFE2F00FA9C6D</string>
				<string>3E08EB4E193DFE2F00FA9C6D</string>
			</array>
			<key>defaultConfigurationIsVisible</key>
			<string>0</string>
			<key>defaultConfigurationName</key>
			<string>Release</string>
			<key>isa</key>
			<string>XCConfigurationList</string>
		</dict>
		<key>3E08EB4D193DFE2F00FA9C6D</key>
		<dict>
			<key>buildSettings</key>
			<dict>
				<key>BUNDLE_LOADER</key>
				<string>$(BUILT_PRODUCTS_DIR)/proverb.app/proverb</string>
				<key>FRAMEWORK_SEARCH_PATHS</key>
				<array>
					<string>$(SDKROOT)/Developer/Library/Frameworks</string>
					<string>$(inherited)</string>
					<string>$(DEVELOPER_FRAMEWORKS_DIR)</string>
				</array>
				<key>GCC_PRECOMPILE_PREFIX_HEADER</key>
				<string>YES</string>
				<key>GCC_PREFIX_HEADER</key>
				<string>proverb/proverb-Prefix.pch</string>
				<key>GCC_PREPROCESSOR_DEFINITIONS</key>
				<array>
					<string>DEBUG=1</string>
					<string>$(inherited)</string>
				</array>
				<key>INFOPLIST_FILE</key>
				<string>proverbTests/proverbTests-Info.plist</string>
				<key>PRODUCT_NAME</key>
				<string>$(TARGET_NAME)</string>
				<key>TEST_HOST</key>
				<string>$(BUNDLE_LOADER)</string>
				<key>WRAPPER_EXTENSION</key>
				<string>xctest</string>
			</dict>
			<key>isa</key>
			<string>XCBuildConfiguration</string>
			<key>name</key>
			<string>Debug</string>
		</dict>
		<key>3E08EB4E193DFE2F00FA9C6D</key>
		<dict>
			<key>buildSettings</key>
			<dict>
				<key>BUNDLE_LOADER</key>
				<string>$(BUILT_PRODUCTS_DIR)/proverb.app/proverb</string>
				<key>FRAMEWORK_SEARCH_PATHS</key>
				<array>
					<string>$(SDKROOT)/Developer/Library/Frameworks</string>
					<string>$(inherited)</string>
					<string>$(DEVELOPER_FRAMEWORKS_DIR)</string>
				</array>
				<key>GCC_PRECOMPILE_PREFIX_HEADER</key>
				<string>YES</string>
				<key>GCC_PREFIX_HEADER</key>
				<string>proverb/proverb-Prefix.pch</string>
				<key>INFOPLIST_FILE</key>
				<string>proverbTests/proverbTests-Info.plist</string>
				<key>PRODUCT_NAME</key>
				<string>$(TARGET_NAME)</string>
				<key>TEST_HOST</key>
				<string>$(BUNDLE_LOADER)</string>
				<key>WRAPPER_EXTENSION</key>
				<string>xctest</string>
			</dict>
			<key>isa</key>
			<string>XCBuildConfiguration</string>
			<key>name</key>
			<string>Release</string>
		</dict>
		<key>3E08EB4F193DFE3500FA9C6D</key>
		<dict>
			<key>children</key>
			<array>
				<string>3E08EB2F193DFE2E00FA9C6D</string>
				<string>3E08EB30193DFE2E00FA9C6D</string>
			</array>
			<key>isa</key>
			<string>PBXGroup</string>
			<key>name</key>
			<string>controllers</string>
			<key>sourceTree</key>
			<string>&lt;group&gt;</string>
		</dict>
		<key>3E08EB501940A62900FA9C6D</key>
		<dict>
			<key>children</key>
			<array>
				<string>3E08EB511940A75600FA9C6D</string>
				<string>3E08EB521940A75600FA9C6D</string>
				<string>3E08EB6B1942ED2800FA9C6D</string>
				<string>3E08EB6C1942ED2800FA9C6D</string>
			</array>
			<key>isa</key>
			<string>PBXGroup</string>
			<key>name</key>
			<string>viewControllers</string>
			<key>sourceTree</key>
			<string>&lt;group&gt;</string>
		</dict>
		<key>3E08EB511940A75600FA9C6D</key>
		<dict>
			<key>fileEncoding</key>
			<string>4</string>
			<key>isa</key>
			<string>PBXFileReference</string>
			<key>lastKnownFileType</key>
			<string>sourcecode.c.h</string>
			<key>path</key>
			<string>I3TopViewController.h</string>
			<key>sourceTree</key>
			<string>&lt;group&gt;</string>
		</dict>
		<key>3E08EB521940A75600FA9C6D</key>
		<dict>
			<key>fileEncoding</key>
			<string>4</string>
			<key>isa</key>
			<string>PBXFileReference</string>
			<key>lastKnownFileType</key>
			<string>sourcecode.c.objc</string>
			<key>path</key>
			<string>I3TopViewController.m</string>
			<key>sourceTree</key>
			<string>&lt;group&gt;</string>
		</dict>
		<key>3E08EB531940A75600FA9C6D</key>
		<dict>
			<key>fileRef</key>
			<string>3E08EB521940A75600FA9C6D</string>
			<key>isa</key>
			<string>PBXBuildFile</string>
		</dict>
		<key>3E08EB54194223EF00FA9C6D</key>
		<dict>
			<key>children</key>
			<array>
				<string>3E08EB561942246700FA9C6D</string>
				<string>3E08EB571942246700FA9C6D</string>
				<string>3E08EB5C19422BE300FA9C6D</string>
				<string>3E08EB5D19422BE300FA9C6D</string>
				<string>3E08EB651942B16D00FA9C6D</string>
				<string>3E08EB661942B16D00FA9C6D</string>
				<string>3E08EB6E1942ED4200FA9C6D</string>
				<string>3E08EB6F1942ED4200FA9C6D</string>
			</array>
			<key>isa</key>
			<string>PBXGroup</string>
			<key>name</key>
			<string>views</string>
			<key>sourceTree</key>
			<string>&lt;group&gt;</string>
		</dict>
		<key>3E08EB561942246700FA9C6D</key>
		<dict>
			<key>fileEncoding</key>
			<string>4</string>
			<key>isa</key>
			<string>PBXFileReference</string>
			<key>lastKnownFileType</key>
			<string>sourcecode.c.h</string>
			<key>path</key>
			<string>I3ThinkKotobaLogoView.h</string>
			<key>sourceTree</key>
			<string>&lt;group&gt;</string>
		</dict>
		<key>3E08EB571942246700FA9C6D</key>
		<dict>
			<key>fileEncoding</key>
			<string>4</string>
			<key>isa</key>
			<string>PBXFileReference</string>
			<key>lastKnownFileType</key>
			<string>sourcecode.c.objc</string>
			<key>path</key>
			<string>I3ThinkKotobaLogoView.m</string>
			<key>sourceTree</key>
			<string>&lt;group&gt;</string>
		</dict>
		<key>3E08EB581942246700FA9C6D</key>
		<dict>
			<key>fileRef</key>
			<string>3E08EB571942246700FA9C6D</string>
			<key>isa</key>
			<string>PBXBuildFile</string>
		</dict>
		<key>3E08EB5919422A4C00FA9C6D</key>
		<dict>
			<key>children</key>
			<array>
				<string>3E08EB631942B14800FA9C6D</string>
				<string>3E08EB611942B05D00FA9C6D</string>
				<string>3E08EB5A19422A8D00FA9C6D</string>
			</array>
			<key>isa</key>
			<string>PBXGroup</string>
			<key>name</key>
			<string>images</string>
			<key>sourceTree</key>
			<string>&lt;group&gt;</string>
		</dict>
		<key>3E08EB5A19422A8D00FA9C6D</key>
		<dict>
			<key>isa</key>
			<string>PBXFileReference</string>
			<key>lastKnownFileType</key>
			<string>image.png</string>
			<key>path</key>
			<string>balloon@2x.png</string>
			<key>sourceTree</key>
			<string>&lt;group&gt;</string>
		</dict>
		<key>3E08EB5B19422A8D00FA9C6D</key>
		<dict>
			<key>fileRef</key>
			<string>3E08EB5A19422A8D00FA9C6D</string>
			<key>isa</key>
			<string>PBXBuildFile</string>
		</dict>
		<key>3E08EB5C19422BE300FA9C6D</key>
		<dict>
			<key>fileEncoding</key>
			<string>4</string>
			<key>isa</key>
			<string>PBXFileReference</string>
			<key>lastKnownFileType</key>
			<string>sourcecode.c.h</string>
			<key>path</key>
			<string>I3LetsThinkLogoView.h</string>
			<key>sourceTree</key>
			<string>&lt;group&gt;</string>
		</dict>
		<key>3E08EB5D19422BE300FA9C6D</key>
		<dict>
			<key>fileEncoding</key>
			<string>4</string>
			<key>isa</key>
			<string>PBXFileReference</string>
			<key>lastKnownFileType</key>
			<string>sourcecode.c.objc</string>
			<key>path</key>
			<string>I3LetsThinkLogoView.m</string>
			<key>sourceTree</key>
			<string>&lt;group&gt;</string>
		</dict>
		<key>3E08EB5E19422BE300FA9C6D</key>
		<dict>
			<key>fileRef</key>
			<string>3E08EB5D19422BE300FA9C6D</string>
			<key>isa</key>
			<string>PBXBuildFile</string>
		</dict>
		<key>3E08EB611942B05D00FA9C6D</key>
		<dict>
			<key>isa</key>
			<string>PBXFileReference</string>
			<key>lastKnownFileType</key>
			<string>image.png</string>
			<key>path</key>
			<string>wavyLine@2x.png</string>
			<key>sourceTree</key>
			<string>&lt;group&gt;</string>
		</dict>
		<key>3E08EB621942B05D00FA9C6D</key>
		<dict>
			<key>fileRef</key>
			<string>3E08EB611942B05D00FA9C6D</string>
			<key>isa</key>
			<string>PBXBuildFile</string>
		</dict>
		<key>3E08EB631942B14800FA9C6D</key>
		<dict>
			<key>isa</key>
			<string>PBXFileReference</string>
			<key>lastKnownFileType</key>
			<string>image.png</string>
			<key>path</key>
			<string>infoIcon@2x.png</string>
			<key>sourceTree</key>
			<string>&lt;group&gt;</string>
		</dict>
		<key>3E08EB641942B14800FA9C6D</key>
		<dict>
			<key>fileRef</key>
			<string>3E08EB631942B14800FA9C6D</string>
			<key>isa</key>
			<string>PBXBuildFile</string>
		</dict>
		<key>3E08EB651942B16D00FA9C6D</key>
		<dict>
			<key>fileEncoding</key>
			<string>4</string>
			<key>isa</key>
			<string>PBXFileReference</string>
			<key>lastKnownFileType</key>
			<string>sourcecode.c.h</string>
			<key>path</key>
			<string>I3FooterView.h</string>
			<key>sourceTree</key>
			<string>&lt;group&gt;</string>
		</dict>
		<key>3E08EB661942B16D00FA9C6D</key>
		<dict>
			<key>fileEncoding</key>
			<string>4</string>
			<key>isa</key>
			<string>PBXFileReference</string>
			<key>lastKnownFileType</key>
			<string>sourcecode.c.objc</string>
			<key>path</key>
			<string>I3FooterView.m</string>
			<key>sourceTree</key>
			<string>&lt;group&gt;</string>
		</dict>
		<key>3E08EB671942B16D00FA9C6D</key>
		<dict>
			<key>fileRef</key>
			<string>3E08EB661942B16D00FA9C6D</string>
			<key>isa</key>
			<string>PBXBuildFile</string>
		</dict>
		<key>3E08EB6B1942ED2800FA9C6D</key>
		<dict>
			<key>fileEncoding</key>
			<string>4</string>
			<key>isa</key>
			<string>PBXFileReference</string>
			<key>lastKnownFileType</key>
			<string>sourcecode.c.h</string>
			<key>path</key>
			<string>I3ProverbQuizViewController.h</string>
			<key>sourceTree</key>
			<string>&lt;group&gt;</string>
		</dict>
		<key>3E08EB6C1942ED2800FA9C6D</key>
		<dict>
			<key>fileEncoding</key>
			<string>4</string>
			<key>isa</key>
			<string>PBXFileReference</string>
			<key>lastKnownFileType</key>
			<string>sourcecode.c.objc</string>
			<key>path</key>
			<string>I3ProverbQuizViewController.m</string>
			<key>sourceTree</key>
			<string>&lt;group&gt;</string>
		</dict>
		<key>3E08EB6D1942ED2800FA9C6D</key>
		<dict>
			<key>fileRef</key>
			<string>3E08EB6C1942ED2800FA9C6D</string>
			<key>isa</key>
			<string>PBXBuildFile</string>
		</dict>
		<key>3E08EB6E1942ED4200FA9C6D</key>
		<dict>
			<key>fileEncoding</key>
			<string>4</string>
			<key>isa</key>
			<string>PBXFileReference</string>
			<key>lastKnownFileType</key>
			<string>sourcecode.c.h</string>
			<key>path</key>
			<string>I3ProverbQuizView.h</string>
			<key>sourceTree</key>
			<string>&lt;group&gt;</string>
		</dict>
		<key>3E08EB6F1942ED4200FA9C6D</key>
		<dict>
			<key>fileEncoding</key>
			<string>4</string>
			<key>isa</key>
			<string>PBXFileReference</string>
			<key>lastKnownFileType</key>
			<string>sourcecode.c.objc</string>
			<key>path</key>
			<string>I3ProverbQuizView.m</string>
			<key>sourceTree</key>
			<string>&lt;group&gt;</string>
		</dict>
		<key>3E08EB701942ED4200FA9C6D</key>
		<dict>
			<key>fileRef</key>
			<string>3E08EB6F1942ED4200FA9C6D</string>
			<key>isa</key>
			<string>PBXBuildFile</string>
		</dict>
		<key>3E08EB7119434BFA00FA9C6D</key>
		<dict>
			<key>children</key>
			<array>
				<string>3E08EB721945246500FA9C6D</string>
				<string>3E08EB731945246500FA9C6D</string>
			</array>
			<key>isa</key>
			<string>PBXGroup</string>
			<key>name</key>
			<string>models</string>
			<key>sourceTree</key>
			<string>&lt;group&gt;</string>
		</dict>
		<key>3E08EB721945246500FA9C6D</key>
		<dict>
			<key>fileEncoding</key>
			<string>4</string>
			<key>isa</key>
			<string>PBXFileReference</string>
			<key>lastKnownFileType</key>
			<string>sourcecode.c.h</string>
			<key>path</key>
			<string>I3ProverbQuizManager.h</string>
			<key>sourceTree</key>
			<string>&lt;group&gt;</string>
		</dict>
		<key>3E08EB731945246500FA9C6D</key>
		<dict>
			<key>fileEncoding</key>
			<string>4</string>
			<key>isa</key>
			<string>PBXFileReference</string>
			<key>lastKnownFileType</key>
			<string>sourcecode.c.objc</string>
			<key>path</key>
			<string>I3ProverbQuizManager.m</string>
			<key>sourceTree</key>
			<string>&lt;group&gt;</string>
		</dict>
		<key>3E08EB741945246500FA9C6D</key>
		<dict>
			<key>fileRef</key>
			<string>3E08EB731945246500FA9C6D</string>
			<key>isa</key>
			<string>PBXBuildFile</string>
		</dict>
		<key>807CA352AC124934992801F7</key>
		<dict>
			<key>buildActionMask</key>
			<string>2147483647</string>
			<key>files</key>
			<array/>
			<key>inputPaths</key>
			<array/>
			<key>isa</key>
			<string>PBXShellScriptBuildPhase</string>
			<key>name</key>
			<string>Check Pods Manifest.lock</string>
			<key>outputPaths</key>
			<array/>
			<key>runOnlyForDeploymentPostprocessing</key>
			<string>0</string>
			<key>shellPath</key>
			<string>/bin/sh</string>
			<key>shellScript</key>
			<string>diff "${PODS_ROOT}/../Podfile.lock" "${PODS_ROOT}/Manifest.lock" &gt; /dev/null
if [[ $? != 0 ]] ; then
    cat &lt;&lt; EOM
error: The sandbox is not in sync with the Podfile.lock. Run 'pod install' or update your CocoaPods installation.
EOM
    exit 1
fi
</string>
			<key>showEnvVarsInLog</key>
			<string>0</string>
		</dict>
		<key>B9876E2360484115A5822A88</key>
		<dict>
			<key>includeInIndex</key>
			<string>1</string>
			<key>isa</key>
			<string>PBXFileReference</string>
			<key>lastKnownFileType</key>
			<string>text.xcconfig</string>
			<key>name</key>
			<string>Pods.xcconfig</string>
			<key>path</key>
			<string>Pods/Pods.xcconfig</string>
			<key>sourceTree</key>
			<string>&lt;group&gt;</string>
		</dict>
		<key>DDC530C6BEE54D54ADF153B1</key>
		<dict>
			<key>buildActionMask</key>
			<string>2147483647</string>
			<key>files</key>
			<array/>
			<key>inputPaths</key>
			<array/>
			<key>isa</key>
			<string>PBXShellScriptBuildPhase</string>
			<key>name</key>
			<string>Copy Pods Resources</string>
			<key>outputPaths</key>
			<array/>
			<key>runOnlyForDeploymentPostprocessing</key>
			<string>0</string>
			<key>shellPath</key>
			<string>/bin/sh</string>
			<key>shellScript</key>
			<string>"${SRCROOT}/Pods/Pods-resources.sh"
</string>
			<key>showEnvVarsInLog</key>
			<string>0</string>
		</dict>
	</dict>
	<key>rootObject</key>
	<string>3E08EB15193DFE2E00FA9C6D</string>
</dict>
</plist>
